github.com/w3xse7en/proj-a v0.0.0-20201125134301-2702e41b501f h1:3ExhDrzItSDaSdrm5AviExAma3G41h9Agg29ZEeUeQg=
github.com/w3xse7en/proj-a v0.0.0-20201125134301-2702e41b501f/go.mod h1:sq1/isFLOYrsrT+hEom4DZ+9QeNPrVc5Y3ndw22dL+g=
github.com/w3xse7en/proj-a v0.0.0-20201125140457-38c917bba722 h1:0YnTiZEmLo/TwWqlclQuasNPtRNRU++beNxjTJDSsBk=
github.com/w3xse7en/proj-a v0.0.0-20201125140457-38c917bba722/go.mod h1:w5a1snqJ+sesKfH3iAD+CMoDDvC/OXQCgetloO86rOw=
github.com/w3xse7en/third-proj-c v0.0.0-20201125135521-687458227162 h1:RSiAXf/g+D9z4HTzUXjqDmXOPilUcR+B0idT7kralO0=
github.com/w3xse7en/third-proj-c v0.0.0-20201125135521-687458227162/go.mod h1:YFZoPuQPZPBFxr8NMv6eMnT6nulTE5flQ0ANxxI2+/0=
