github.com/w3xse7en/proj-a v0.0.0-20201125140457-38c917bba722 h1:0YnTiZEmLo/TwWqlclQuasNPtRNRU++beNxjTJDSsBk=
github.com/w3xse7en/proj-a v0.0.0-20201125140457-38c917bba722/go.mod h1:w5a1snqJ+sesKfH3iAD+CMoDDvC/OXQCgetloO86rOw=
github.com/w3xse7en/proj-a v0.0.0-20201125141416-c33cac4eb163 h1:l1Joil5VeNmkiz1mGqMe7aZvpkcxp5PMG15iCC6IbQo=
github.com/w3xse7en/proj-a v0.0.0-20201125141416-c33cac4eb163/go.mod h1:ouKa9JwEeoyIdBl7lVPkA0+hiEdKAyX8a69i38ptHuU=
github.com/w3xse7en/proj-b v0.0.0-20201125141231-41abfe794566/go.mod h1:aeyUP1eJ3MOlipXrY/jF7q2IHVKsDe4Vn0csH5RuaoQ=
github.com/w3xse7en/third-proj-c v0.0.0-20201125135521-687458227162 h1:RSiAXf/g+D9z4HTzUXjqDmXOPilUcR+B0idT7kralO0=
github.com/w3xse7en/third-proj-c v0.0.0-20201125135521-687458227162/go.mod h1:YFZoPuQPZPBFxr8NMv6eMnT6nulTE5flQ0ANxxI2+/0=
